{
  "name": "signal-os",
  "version": "0.1.0",
  "lockfileVersion": 3,
  "requires": true,
  "packages": {
    "": {
      "name": "signal-os",
      "version": "0.1.0",
      "workspaces": [
        "packages/*"
      ],
      "devDependencies": {
        "typescript": "^6.0.3"
      },
      "engines": {
        "node": ">=20"
      }
    },
    "node_modules/@signal-os/core": {
      "resolved": "packages/core",
      "link": true
    },
    "node_modules/@signal-os/export": {
      "resolved": "packages/export",
      "link": true
    },
    "node_modules/@signal-os/provider-gateway": {
      "resolved": "packages/provider-gateway",
      "link": true
    },
    "node_modules/@signal-os/routes": {
      "resolved": "packages/routes",
      "link": true
    },
    "node_modules/@signal-os/runtime": {
      "resolved": "packages/runtime",
      "link": true
    },
    "node_modules/typescript": {
      "version": "6.0.3",
      "resolved": "https://registry.npmjs.org/typescript/-/typescript-6.0.3.tgz",
      "integrity": "sha512-y2TvuxSZPDyQakkFRPZHKFm+KKVqIisdg9/CZwm9ftvKXLP8NRWj38/ODjNbr43SsoXqNuAisEf1GdCxqWcdBw==",
      "dev": true,
      "license": "Apache-2.0",
      "bin": {
        "tsc": "bin/tsc",
        "tsserver": "bin/tsserver"
      },
      "engines": {
        "node": ">=14.17"
      }
    },
    "packages/core": {
      "name": "@signal-os/core",
      "version": "0.1.0"
    },
    "packages/export": {
      "name": "@signal-os/export",
      "version": "0.1.0"
    },
    "packages/provider-gateway": {
      "name": "@signal-os/provider-gateway",
      "version": "0.1.0"
    },
    "packages/routes": {
      "name": "@signal-os/routes",
      "version": "0.1.0"
    },
    "packages/runtime": {
      "name": "@signal-os/runtime",
      "version": "0.1.0"
    }
  }
}
